
Microsoft Visual Studio Solution File, Format Version 11.00
# Visual Studio 2010
Project("{FAE04EC0-301F-11D3-BF4B-00C04F79EFBC}") = "TerrariaHooker", "TerrariaHooker\TerrariaHooker.csproj", "{AC4BF1A9-CCD4-41E2-A5A7-3D3A5D907215}"
EndProject
Project("{2150E333-8FDC-42A3-9474-1A3956D46DE8}") = "Solution Items", "Solution Items", "{984DB7B0-FE51-4D53-97A4-9DEE9DE99263}"
	ProjectSection(SolutionItems) = preProject
		README.md = README.md
	EndProjectSection
EndProject
Global
	GlobalSection(SolutionConfigurationPlatforms) = preSolution
		Debug|Any CPU = Debug|Any CPU
		Debug|Mixed Platforms = Debug|Mixed Platforms
		Debug|Win32 = Debug|Win32
		Debug|x64 = Debug|x64
		Debug|x86 = Debug|x86
		Release|Any CPU = Release|Any CPU
		Release|Mixed Platforms = Release|Mixed Platforms
		Release|Win32 = Release|Win32
		Release|x64 = Release|x64
		Release|x86 = Release|x86
	EndGlobalSection
	GlobalSection(ProjectConfigurationPlatforms) = postSolution
		{AC4BF1A9-CCD4-41E2-A5A7-3D3A5D907215}.Debug|Any CPU.ActiveCfg = Debug|x86
		{AC4BF1A9-CCD4-41E2-A5A7-3D3A5D907215}.Debug|Mixed Platforms.ActiveCfg = Debug|x86
		{AC4BF1A9-CCD4-41E2-A5A7-3D3A5D907215}.Debug|Mixed Platforms.Build.0 = Debug|x86
		{AC4BF1A9-CCD4-41E2-A5A7-3D3A5D907215}.Debug|Win32.ActiveCfg = Debug|x86
		{AC4BF1A9-CCD4-41E2-A5A7-3D3A5D907215}.Debug|x64.ActiveCfg = Debug|x86
		{AC4BF1A9-CCD4-41E2-A5A7-3D3A5D907215}.Debug|x86.ActiveCfg = Debug|x86
		{AC4BF1A9-CCD4-41E2-A5A7-3D3A5D907215}.Debug|x86.Build.0 = Debug|x86
		{AC4BF1A9-CCD4-41E2-A5A7-3D3A5D907215}.Release|Any CPU.ActiveCfg = Release|x86
		{AC4BF1A9-CCD4-41E2-A5A7-3D3A5D907215}.Release|Mixed Platforms.ActiveCfg = Release|x86
		{AC4BF1A9-CCD4-41E2-A5A7-3D3A5D907215}.Release|Mixed Platforms.Build.0 = Release|x86
		{AC4BF1A9-CCD4-41E2-A5A7-3D3A5D907215}.Release|Win32.ActiveCfg = Release|x86
		{AC4BF1A9-CCD4-41E2-A5A7-3D3A5D907215}.Release|x64.ActiveCfg = Release|x86
		{AC4BF1A9-CCD4-41E2-A5A7-3D3A5D907215}.Release|x86.ActiveCfg = Release|x86
		{AC4BF1A9-CCD4-41E2-A5A7-3D3A5D907215}.Release|x86.Build.0 = Release|x86
	EndGlobalSection
	GlobalSection(SolutionProperties) = preSolution
		HideSolutionNode = FALSE
	EndGlobalSection
	GlobalSection(SubversionScc) = preSolution
		Svn-Managed = True
		Manager = AnkhSVN - Subversion Support for Visual Studio
	EndGlobalSection
EndGlobal
